// !$*UTF8*$!
{
	archiveVersion = 1;
	classes = {
	};
	objectVersion = 55;
	objects = {

/* Begin PBXBuildFile section */
		8EEEEAEE2768173900353D8F /* Tests_iOS.swift in Sources */ = {isa = PBXBuildFile; fileRef = 8EEEEAED2768173900353D8F /* Tests_iOS.swift */; };
		8EEEEAF02768173900353D8F /* Tests_iOSLaunchTests.swift in Sources */ = {isa = PBXBuildFile; fileRef = 8EEEEAEF2768173900353D8F /* Tests_iOSLaunchTests.swift */; };
		8EEEEAFA2768173900353D8F /* Tests_macOS.swift in Sources */ = {isa = PBXBuildFile; fileRef = 8EEEEAF92768173900353D8F /* Tests_macOS.swift */; };
		8EEEEAFC2768173900353D8F /* Tests_macOSLaunchTests.swift in Sources */ = {isa = PBXBuildFile; fileRef = 8EEEEAFB2768173900353D8F /* Tests_macOSLaunchTests.swift */; };
		8EEEEAFD2768173900353D8F /* ControleMiniApp.swift in Sources */ = {isa = PBXBuildFile; fileRef = 8EEEEAD52768173500353D8F /* ControleMiniApp.swift */; };
		8EEEEAFE2768173900353D8F /* ControleMiniApp.swift in Sources */ = {isa = PBXBuildFile; fileRef = 8EEEEAD52768173500353D8F /* ControleMiniApp.swift */; };
		8EEEEAFF2768173900353D8F /* ContentView.swift in Sources */ = {isa = PBXBuildFile; fileRef = 8EEEEAD62768173500353D8F /* ContentView.swift */; };
		8EEEEB002768173900353D8F /* ContentView.swift in Sources */ = {isa = PBXBuildFile; fileRef = 8EEEEAD62768173500353D8F /* ContentView.swift */; };
		8EEEEB012768173900353D8F /* Assets.xcassets in Resources */ = {isa = PBXBuildFile; fileRef = 8EEEEAD72768173900353D8F /* Assets.xcassets */; };
		8EEEEB022768173900353D8F /* Assets.xcassets in Resources */ = {isa = PBXBuildFile; fileRef = 8EEEEAD72768173900353D8F /* Assets.xcassets */; };
/* End PBXBuildFile section */

/* Begin PBXContainerItemProxy section */
		8EEEEAEA2768173900353D8F /* PBXContainerItemProxy */ = {
			isa = PBXContainerItemProxy;
			containerPortal = 8EEEEAD02768173500353D8F /* Project object */;
			proxyType = 1;
			remoteGlobalIDString = 8EEEEADB2768173900353D8F;
			remoteInfo = "ControleMini (iOS)";
		};
		8EEEEAF62768173900353D8F /* PBXContainerItemProxy */ = {
			isa = PBXContainerItemProxy;
			containerPortal = 8EEEEAD02768173500353D8F /* Project object */;
			proxyType = 1;
			remoteGlobalIDString = 8EEEEAE12768173900353D8F;
			remoteInfo = "ControleMini (macOS)";
		};
/* End PBXContainerItemProxy section */

/* Begin PBXFileReference section */
		8EEEEAD52768173500353D8F /* ControleMiniApp.swift */ = {isa = PBXFileReference; lastKnownFileType = sourcecode.swift; path = ControleMiniApp.swift; sourceTree = "<group>"; };
		8EEEEAD62768173500353D8F /* ContentView.swift */ = {isa = PBXFileReference; lastKnownFileType = sourcecode.swift; path = ContentView.swift; sourceTree = "<group>"; };
		8EEEEAD72768173900353D8F /* Assets.xcassets */ = {isa = PBXFileReference; lastKnownFileType = folder.assetcatalog; path = Assets.xcassets; sourceTree = "<group>"; };
		8EEEEADC2768173900353D8F /* ControleMini.app */ = {isa = PBXFileReference; explicitFileType = wrapper.application; includeInIndex = 0; path = ControleMini.app; sourceTree = BUILT_PRODUCTS_DIR; };
		8EEEEAE22768173900353D8F /* ControleMini.app */ = {isa = PBXFileReference; explicitFileType = wrapper.application; includeInIndex = 0; path = ControleMini.app; sourceTree = BUILT_PRODUCTS_DIR; };
		8EEEEAE42768173900353D8F /* macOS.entitlements */ = {isa = PBXFileReference; lastKnownFileType = text.plist.entitlements; path = macOS.entitlements; sourceTree = "<group>"; };
		8EEEEAE92768173900353D8F /* Tests iOS.xctest */ = {isa = PBXFileReference; explicitFileType = wrapper.cfbundle; includeInIndex = 0; path = "Tests iOS.xctest"; sourceTree = BUILT_PRODUCTS_DIR; };
		8EEEEAED2768173900353D8F /* Tests_iOS.swift */ = {isa = PBXFileReference; lastKnownFileType = sourcecode.swift; path = Tests_iOS.swift; sourceTree = "<group>"; };
		8EEEEAEF2768173900353D8F /* Tests_iOSLaunchTests.swift */ = {isa = PBXFileReference; lastKnownFileType = sourcecode.swift; path = Tests_iOSLaunchTests.swift; sourceTree = "<group>"; };
		8EEEEAF52768173900353D8F /* Tests macOS.xctest */ = {isa = PBXFileReference; explicitFileType = wrapper.cfbundle; includeInIndex = 0; path = "Tests macOS.xctest"; sourceTree = BUILT_PRODUCTS_DIR; };
		8EEEEAF92768173900353D8F /* Tests_macOS.swift */ = {isa = PBXFileReference; lastKnownFileType = sourcecode.swift; path = Tests_macOS.swift; sourceTree = "<group>"; };
		8EEEEAFB2768173900353D8F /* Tests_macOSLaunchTests.swift */ = {isa = PBXFileReference; lastKnownFileType = sourcecode.swift; path = Tests_macOSLaunchTests.swift; sourceTree = "<group>"; };
/* End PBXFileReference section */

/* Begin PBXFrameworksBuildPhase section */
		8EEEEAD92768173900353D8F /* Frameworks */ = {
			isa = PBXFrameworksBuildPhase;
			buildActionMask = 2147483647;
			files = (
			);
			runOnlyForDeploymentPostprocessing = 0;
		};
		8EEEEADF2768173900353D8F /* Frameworks */ = {
			isa = PBXFrameworksBuildPhase;
			buildActionMask = 2147483647;
			files = (
			);
			runOnlyForDeploymentPostprocessing = 0;
		};
		8EEEEAE62768173900353D8F /* Frameworks */ = {
			isa = PBXFrameworksBuildPhase;
			buildActionMask = 2147483647;
			files = (
			);
			runOnlyForDeploymentPostprocessing = 0;
		};
		8EEEEAF22768173900353D8F /* Frameworks */ = {
			isa = PBXFrameworksBuildPhase;
			buildActionMask = 2147483647;
			files = (
			);
			runOnlyForDeploymentPostprocessing = 0;
		};
/* End PBXFrameworksBuildPhase section */

/* Begin PBXGroup section */
		8EEEEACF2768173500353D8F = {
			isa = PBXGroup;
			children = (
				8EEEEAD42768173500353D8F /* Shared */,
				8EEEEAE32768173900353D8F /* macOS */,
				8EEEEAEC2768173900353D8F /* Tests iOS */,
				8EEEEAF82768173900353D8F /* Tests macOS */,
				8EEEEADD2768173900353D8F /* Products */,
			);
			sourceTree = "<group>";
		};
		8EEEEAD42768173500353D8F /* Shared */ = {
			isa = PBXGroup;
			children = (
				8EEEEAD52768173500353D8F /* ControleMiniApp.swift */,
				8EEEEAD62768173500353D8F /* ContentView.swift */,
				8EEEEAD72768173900353D8F /* Assets.xcassets */,
			);
			path = Shared;
			sourceTree = "<group>";
		};
		8EEEEADD2768173900353D8F /* Products */ = {
			isa = PBXGroup;
			children = (
				8EEEEADC2768173900353D8F /* ControleMini.app */,
				8EEEEAE22768173900353D8F /* ControleMini.app */,
				8EEEEAE92768173900353D8F /* Tests iOS.xctest */,
				8EEEEAF52768173900353D8F /* Tests macOS.xctest */,
			);
			name = Products;
			sourceTree = "<group>";
		};
		8EEEEAE32768173900353D8F /* macOS */ = {
			isa = PBXGroup;
			children = (
				8EEEEAE42768173900353D8F /* macOS.entitlements */,
			);
			path = macOS;
			sourceTree = "<group>";
		};
		8EEEEAEC2768173900353D8F /* Tests iOS */ = {
			isa = PBXGroup;
			children = (
				8EEEEAED2768173900353D8F /* Tests_iOS.swift */,
				8EEEEAEF2768173900353D8F /* Tests_iOSLaunchTests.swift */,
			);
			path = "Tests iOS";
			sourceTree = "<group>";
		};
		8EEEEAF82768173900353D8F /* Tests macOS */ = {
			isa = PBXGroup;
			children = (
				8EEEEAF92768173900353D8F /* Tests_macOS.swift */,
				8EEEEAFB2768173900353D8F /* Tests_macOSLaunchTests.swift */,
			);
			path = "Tests macOS";
			sourceTree = "<group>";
		};
/* End PBXGroup section */

/* Begin PBXNativeTarget section */
		8EEEEADB2768173900353D8F /* ControleMini (iOS) */ = {
			isa = PBXNativeTarget;
			buildConfigurationList = 8EEEEB052768173900353D8F /* Build configuration list for PBXNativeTarget "ControleMini (iOS)" */;
			buildPhases = (
				8EEEEAD82768173900353D8F /* Sources */,
				8EEEEAD92768173900353D8F /* Frameworks */,
				8EEEEADA2768173900353D8F /* Resources */,
			);
			buildRules = (
			);
			dependencies = (
			);
			name = "ControleMini (iOS)";
			productName = "ControleMini (iOS)";
			productReference = 8EEEEADC2768173900353D8F /* ControleMini.app */;
			productType = "com.apple.product-type.application";
		};
		8EEEEAE12768173900353D8F /* ControleMini (macOS) */ = {
			isa = PBXNativeTarget;
			buildConfigurationList = 8EEEEB082768173900353D8F /* Build configuration list for PBXNativeTarget "ControleMini (macOS)" */;
			buildPhases = (
				8EEEEADE2768173900353D8F /* Sources */,
				8EEEEADF2768173900353D8F /* Frameworks */,
				8EEEEAE02768173900353D8F /* Resources */,
			);
			buildRules = (
			);
			dependencies = (
			);
			name = "ControleMini (macOS)";
			productName = "ControleMini (macOS)";
			productReference = 8EEEEAE22768173900353D8F /* ControleMini.app */;
			productType = "com.apple.product-type.application";
		};
		8EEEEAE82768173900353D8F /* Tests iOS */ = {
			isa = PBXNativeTarget;
			buildConfigurationList = 8EEEEB0B2768173900353D8F /* Build configuration list for PBXNativeTarget "Tests iOS" */;
			buildPhases = (
				8EEEEAE52768173900353D8F /* Sources */,
				8EEEEAE62768173900353D8F /* Frameworks */,
				8EEEEAE72768173900353D8F /* Resources */,
			);
			buildRules = (
			);
			dependencies = (
				8EEEEAEB2768173900353D8F /* PBXTargetDependency */,
			);
			name = "Tests iOS";
			productName = "Tests iOS";
			productReference = 8EEEEAE92768173900353D8F /* Tests iOS.xctest */;
			productType = "com.apple.product-type.bundle.ui-testing";
		};
		8EEEEAF42768173900353D8F /* Tests macOS */ = {
			isa = PBXNativeTarget;
			buildConfigurationList = 8EEEEB0E2768173900353D8F /* Build configuration list for PBXNativeTarget "Tests macOS" */;
			buildPhases = (
				8EEEEAF12768173900353D8F /* Sources */,
				8EEEEAF22768173900353D8F /* Frameworks */,
				8EEEEAF32768173900353D8F /* Resources */,
			);
			buildRules = (
			);
			dependencies = (
				8EEEEAF72768173900353D8F /* PBXTargetDependency */,
			);
			name = "Tests macOS";
			productName = "Tests macOS";
			productReference = 8EEEEAF52768173900353D8F /* Tests macOS.xctest */;
			productType = "com.apple.product-type.bundle.ui-testing";
		};
/* End PBXNativeTarget section */

/* Begin PBXProject section */
		8EEEEAD02768173500353D8F /* Project object */ = {
			isa = PBXProject;
			attributes = {
				BuildIndependentTargetsInParallel = 1;
				LastSwiftUpdateCheck = 1310;
				LastUpgradeCheck = 1310;
				TargetAttributes = {
					8EEEEADB2768173900353D8F = {
						CreatedOnToolsVersion = 13.1;
					};
					8EEEEAE12768173900353D8F = {
						CreatedOnToolsVersion = 13.1;
					};
					8EEEEAE82768173900353D8F = {
						CreatedOnToolsVersion = 13.1;
						TestTargetID = 8EEEEADB2768173900353D8F;
					};
					8EEEEAF42768173900353D8F = {
						CreatedOnToolsVersion = 13.1;
						TestTargetID = 8EEEEAE12768173900353D8F;
					};
				};
			};
			buildConfigurationList = 8EEEEAD32768173500353D8F /* Build configuration list for PBXProject "ControleMini" */;
			compatibilityVersion = "Xcode 13.0";
			developmentRegion = en;
			hasScannedForEncodings = 0;
			knownRegions = (
				en,
				Base,
			);
			mainGroup = 8EEEEACF2768173500353D8F;
			productRefGroup = 8EEEEADD2768173900353D8F /* Products */;
			projectDirPath = "";
			projectRoot = "";
			targets = (
				8EEEEADB2768173900353D8F /* ControleMini (iOS) */,
				8EEEEAE12768173900353D8F /* ControleMini (macOS) */,
				8EEEEAE82768173900353D8F /* Tests iOS */,
				8EEEEAF42768173900353D8F /* Tests macOS */,
			);
		};
/* End PBXProject section */

/* Begin PBXResourcesBuildPhase section */
		8EEEEADA2768173900353D8F /* Resources */ = {
			isa = PBXResourcesBuildPhase;
			buildActionMask = 2147483647;
			files = (
				8EEEEB012768173900353D8F /* Assets.xcassets in Resources */,
			);
			runOnlyForDeploymentPostprocessing = 0;
		};
		8EEEEAE02768173900353D8F /* Resources */ = {
			isa = PBXResourcesBuildPhase;
			buildActionMask = 2147483647;
			files = (
				8EEEEB022768173900353D8F /* Assets.xcassets in Resources */,
			);
			runOnlyForDeploymentPostprocessing = 0;
		};
		8EEEEAE72768173900353D8F /* Resources */ = {
			isa = PBXResourcesBuildPhase;
			buildActionMask = 2147483647;
			files = (
			);
			runOnlyForDeploymentPostprocessing = 0;
		};
		8EEEEAF32768173900353D8F /* Resources */ = {
			isa = PBXResourcesBuildPhase;
			buildActionMask = 2147483647;
			files = (
			);
			runOnlyForDeploymentPostprocessing = 0;
		};
/* End PBXResourcesBuildPhase section */

/* Begin PBXSourcesBuildPhase section */
		8EEEEAD82768173900353D8F /* Sources */ = {
			isa = PBXSourcesBuildPhase;
			buildActionMask = 2147483647;
			files = (
				8EEEEAFF2768173900353D8F /* ContentView.swift in Sources */,
				8EEEEAFD2768173900353D8F /* ControleMiniApp.swift in Sources */,
			);
			runOnlyForDeploymentPostprocessing = 0;
		};
		8EEEEADE2768173900353D8F /* Sources */ = {
			isa = PBXSourcesBuildPhase;
			buildActionMask = 2147483647;
			files = (
				8EEEEB002768173900353D8F /* ContentView.swift in Sources */,
				8EEEEAFE2768173900353D8F /* ControleMiniApp.swift in Sources */,
			);
			runOnlyForDeploymentPostprocessing = 0;
		};
		8EEEEAE52768173900353D8F /* Sources */ = {
			isa = PBXSourcesBuildPhase;
			buildActionMask = 2147483647;
			files = (
				8EEEEAF02768173900353D8F /* Tests_iOSLaunchTests.swift in Sources */,
				8EEEEAEE2768173900353D8F /* Tests_iOS.swift in Sources */,
			);
			runOnlyForDeploymentPostprocessing = 0;
		};
		8EEEEAF12768173900353D8F /* Sources */ = {
			isa = PBXSourcesBuildPhase;
			buildActionMask = 2147483647;
			files = (
				8EEEEAFC2768173900353D8F /* Tests_macOSLaunchTests.swift in Sources */,
				8EEEEAFA2768173900353D8F /* Tests_macOS.swift in Sources */,
			);
			runOnlyForDeploymentPostprocessing = 0;
		};
/* End PBXSourcesBuildPhase section */

/* Begin PBXTargetDependency section */
		8EEEEAEB2768173900353D8F /* PBXTargetDependency */ = {
			isa = PBXTargetDependency;
			target = 8EEEEADB2768173900353D8F /* ControleMini (iOS) */;
			targetProxy = 8EEEEAEA2768173900353D8F /* PBXContainerItemProxy */;
		};
		8EEEEAF72768173900353D8F /* PBXTargetDependency */ = {
			isa = PBXTargetDependency;
			target = 8EEEEAE12768173900353D8F /* ControleMini (macOS) */;
			targetProxy = 8EEEEAF62768173900353D8F /* PBXContainerItemProxy */;
		};
/* End PBXTargetDependency section */

/* Begin XCBuildConfiguration section */
		8EEEEB032768173900353D8F /* Debug */ = {
			isa = XCBuildConfiguration;
			buildSettings = {
				ALWAYS_SEARCH_USER_PATHS = NO;
				CLANG_ANALYZER_NONNULL = YES;
				CLANG_ANALYZER_NUMBER_OBJECT_CONVERSION = YES_AGGRESSIVE;
				CLANG_CXX_LANGUAGE_STANDARD = "gnu++17";
				CLANG_CXX_LIBRARY = "libc++";
				CLANG_ENABLE_MODULES = YES;
				CLANG_ENABLE_OBJC_ARC = YES;
				CLANG_ENABLE_OBJC_WEAK = YES;
				CLANG_WARN_BLOCK_CAPTURE_AUTORELEASING = YES;
				CLANG_WARN_BOOL_CONVERSION = YES;
				CLANG_WARN_COMMA = YES;
				CLANG_WARN_CONSTANT_CONVERSION = YES;
				CLANG_WARN_DEPRECATED_OBJC_IMPLEMENTATIONS = YES;
				CLANG_WARN_DIRECT_OBJC_ISA_USAGE = YES_ERROR;
				CLANG_WARN_DOCUMENTATION_COMMENTS = YES;
				CLANG_WARN_EMPTY_BODY = YES;
				CLANG_WARN_ENUM_CONVERSION = YES;
				CLANG_WARN_INFINITE_RECURSION = YES;
				CLANG_WARN_INT_CONVERSION = YES;
				CLANG_WARN_NON_LITERAL_NULL_CONVERSION = YES;
				CLANG_WARN_OBJC_IMPLICIT_RETAIN_SELF = YES;
				CLANG_WARN_OBJC_LITERAL_CONVERSION = YES;
				CLANG_WARN_OBJC_ROOT_CLASS = YES_ERROR;
				CLANG_WARN_QUOTED_INCLUDE_IN_FRAMEWORK_HEADER = YES;
				CLANG_WARN_RANGE_LOOP_ANALYSIS = YES;
				CLANG_WARN_STRICT_PROTOTYPES = YES;
				CLANG_WARN_SUSPICIOUS_MOVE = YES;
				CLANG_WARN_UNGUARDED_AVAILABILITY = YES_AGGRESSIVE;
				CLANG_WARN_UNREACHABLE_CODE = YES;
				CLANG_WARN__DUPLICATE_METHOD_MATCH = YES;
				COPY_PHASE_STRIP = NO;
				DEBUG_INFORMATION_FORMAT = dwarf;
				ENABLE_STRICT_OBJC_MSGSEND = YES;
				ENABLE_TESTABILITY = YES;
				GCC_C_LANGUAGE_STANDARD = gnu11;
				GCC_DYNAMIC_NO_PIC = NO;
				GCC_NO_COMMON_BLOCKS = YES;
				GCC_OPTIMIZATION_LEVEL = 0;
				GCC_PREPROCESSOR_DEFINITIONS = (
					"DEBUG=1",
					"$(inherited)",
				);
				GCC_WARN_64_TO_32_BIT_CONVERSION = YES;
				GCC_WARN_ABOUT_RETURN_TYPE = YES_ERROR;
				GCC_WARN_UNDECLARED_SELECTOR = YES;
				GCC_WARN_UNINITIALIZED_AUTOS = YES_AGGRESSIVE;
				GCC_WARN_UNUSED_FUNCTION = YES;
				GCC_WARN_UNUSED_VARIABLE = YES;
				MTL_ENABLE_DEBUG_INFO = INCLUDE_SOURCE;
				MTL_FAST_MATH = YES;
				ONLY_ACTIVE_ARCH = YES;
				SWIFT_ACTIVE_COMPILATION_CONDITIONS = DEBUG;
				SWIFT_OPTIMIZATION_LEVEL = "-Onone";
			};
			name = Debug;
		};
		8EEEEB042768173900353D8F /* Release */ = {
			isa = XCBuildConfiguration;
			buildSettings = {
				ALWAYS_SEARCH_USER_PATHS = NO;
				CLANG_ANALYZER_NONNULL = YES;
				CLANG_ANALYZER_NUMBER_OBJECT_CONVERSION = YES_AGGRESSIVE;
				CLANG_CXX_LANGUAGE_STANDARD = "gnu++17";
				CLANG_CXX_LIBRARY = "libc++";
				CLANG_ENABLE_MODULES = YES;
				CLANG_ENABLE_OBJC_ARC = YES;
				CLANG_ENABLE_OBJC_WEAK = YES;
				CLANG_WARN_BLOCK_CAPTURE_AUTORELEASING = YES;
				CLANG_WARN_BOOL_CONVERSION = YES;
				CLANG_WARN_COMMA = YES;
				CLANG_WARN_CONSTANT_CONVERSION = YES;
				CLANG_WARN_DEPRECATED_OBJC_IMPLEMENTATIONS = YES;
				CLANG_WARN_DIRECT_OBJC_ISA_USAGE = YES_ERROR;
				CLANG_WARN_DOCUMENTATION_COMMENTS = YES;
				CLANG_WARN_EMPTY_BODY = YES;
				CLANG_WARN_ENUM_CONVERSION = YES;
				CLANG_WARN_INFINITE_RECURSION = YES;
				CLANG_WARN_INT_CONVERSION = YES;
				CLANG_WARN_NON_LITERAL_NULL_CONVERSION = YES;
				CLANG_WARN_OBJC_IMPLICIT_RETAIN_SELF = YES;
				CLANG_WARN_OBJC_LITERAL_CONVERSION = YES;
				CLANG_WARN_OBJC_ROOT_CLASS = YES_ERROR;
				CLANG_WARN_QUOTED_INCLUDE_IN_FRAMEWORK_HEADER = YES;
				CLANG_WARN_RANGE_LOOP_ANALYSIS = YES;
				CLANG_WARN_STRICT_PROTOTYPES = YES;
				CLANG_WARN_SUSPICIOUS_MOVE = YES;
				CLANG_WARN_UNGUARDED_AVAILABILITY = YES_AGGRESSIVE;
				CLANG_WARN_UNREACHABLE_CODE = YES;
				CLANG_WARN__DUPLICATE_METHOD_MATCH = YES;
				COPY_PHASE_STRIP = NO;
				DEBUG_INFORMATION_FORMAT = "dwarf-with-dsym";
				ENABLE_NS_ASSERTIONS = NO;
				ENABLE_STRICT_OBJC_MSGSEND = YES;
				GCC_C_LANGUAGE_STANDARD = gnu11;
				GCC_NO_COMMON_BLOCKS = YES;
				GCC_WARN_64_TO_32_BIT_CONVERSION = YES;
				GCC_WARN_ABOUT_RETURN_TYPE = YES_ERROR;
				GCC_WARN_UNDECLARED_SELECTOR = YES;
				GCC_WARN_UNINITIALIZED_AUTOS = YES_AGGRESSIVE;
				GCC_WARN_UNUSED_FUNCTION = YES;
				GCC_WARN_UNUSED_VARIABLE = YES;
				MTL_ENABLE_DEBUG_INFO = NO;
				MTL_FAST_MATH = YES;
				SWIFT_COMPILATION_MODE = wholemodule;
				SWIFT_OPTIMIZATION_LEVEL = "-O";
			};
			name = Release;
		};
		8EEEEB062768173900353D8F /* Debug */ = {
			isa = XCBuildConfiguration;
			buildSettings = {
				ASSETCATALOG_COMPILER_APPICON_NAME = AppIcon;
				ASSETCATALOG_COMPILER_GLOBAL_ACCENT_COLOR_NAME = AccentColor;
				CODE_SIGN_STYLE = Automatic;
				CURRENT_PROJECT_VERSION = 1;
				ENABLE_PREVIEWS = YES;
				GENERATE_INFOPLIST_FILE = YES;
				INFOPLIST_KEY_UIApplicationSceneManifest_Generation = YES;
				INFOPLIST_KEY_UIApplicationSupportsIndirectInputEvents = YES;
				INFOPLIST_KEY_UILaunchScreen_Generation = YES;
				INFOPLIST_KEY_UISupportedInterfaceOrientations_iPad = "UIInterfaceOrientationPortrait UIInterfaceOrientationPortraitUpsideDown UIInterfaceOrientationLandscapeLeft UIInterfaceOrientationLandscapeRight";
				INFOPLIST_KEY_UISupportedInterfaceOrientations_iPhone = "UIInterfaceOrientationPortrait UIInterfaceOrientationLandscapeLeft UIInterfaceOrientationLandscapeRight";
				IPHONEOS_DEPLOYMENT_TARGET = 15.0;
				LD_RUNPATH_SEARCH_PATHS = (
					"$(inherited)",
					"@executable_path/Frameworks",
				);
				MARKETING_VERSION = 1.0;
				PRODUCT_BUNDLE_IDENTIFIER = com.yangyuewang.ControleMini;
				PRODUCT_NAME = ControleMini;
				SDKROOT = iphoneos;
				SWIFT_EMIT_LOC_STRINGS = YES;
				SWIFT_VERSION = 5.0;
				TARGETED_DEVICE_FAMILY = "1,2";
			};
			name = Debug;
		};
		8EEEEB072768173900353D8F /* Release */ = {
			isa = XCBuildConfiguration;
			buildSettings = {
				ASSETCATALOG_COMPILER_APPICON_NAME = AppIcon;
				ASSETCATALOG_COMPILER_GLOBAL_ACCENT_COLOR_NAME = AccentColor;
				CODE_SIGN_STYLE = Automatic;
				CURRENT_PROJECT_VERSION = 1;
				ENABLE_PREVIEWS = YES;
				GENERATE_INFOPLIST_FILE = YES;
				INFOPLIST_KEY_UIApplicationSceneManifest_Generation = YES;
				INFOPLIST_KEY_UIApplicationSupportsIndirectInputEvents = YES;
				INFOPLIST_KEY_UILaunchScreen_Generation = YES;
				INFOPLIST_KEY_UISupportedInterfaceOrientations_iPad = "UIInterfaceOrientationPortrait UIInterfaceOrientationPortraitUpsideDown UIInterfaceOrientationLandscapeLeft UIInterfaceOrientationLandscapeRight";
				INFOPLIST_KEY_UISupportedInterfaceOrientations_iPhone = "UIInterfaceOrientationPortrait UIInterfaceOrientationLandscapeLeft UIInterfaceOrientationLandscapeRight";
				IPHONEOS_DEPLOYMENT_TARGET = 15.0;
				LD_RUNPATH_SEARCH_PATHS = (
					"$(inherited)",
					"@executable_path/Frameworks",
				);
				MARKETING_VERSION = 1.0;
				PRODUCT_BUNDLE_IDENTIFIER = com.yangyuewang.ControleMini;
				PRODUCT_NAME = ControleMini;
				SDKROOT = iphoneos;
				SWIFT_EMIT_LOC_STRINGS = YES;
				SWIFT_VERSION = 5.0;
				TARGETED_DEVICE_FAMILY = "1,2";
				VALIDATE_PRODUCT = YES;
			};
			name = Release;
		};
		8EEEEB092768173900353D8F /* Debug */ = {
			isa = XCBuildConfiguration;
			buildSettings = {
				ASSETCATALOG_COMPILER_APPICON_NAME = AppIcon;
				ASSETCATALOG_COMPILER_GLOBAL_ACCENT_COLOR_NAME = AccentColor;
				CODE_SIGN_ENTITLEMENTS = macOS/macOS.entitlements;
				CODE_SIGN_STYLE = Automatic;
				COMBINE_HIDPI_IMAGES = YES;
				CURRENT_PROJECT_VERSION = 1;
				ENABLE_PREVIEWS = YES;
				GENERATE_INFOPLIST_FILE = YES;
				INFOPLIST_KEY_NSHumanReadableCopyright = "";
				LD_RUNPATH_SEARCH_PATHS = (
					"$(inherited)",
					"@executable_path/../Frameworks",
				);
				MACOSX_DEPLOYMENT_TARGET = 11.5;
				MARKETING_VERSION = 1.0;
				PRODUCT_BUNDLE_IDENTIFIER = com.yangyuewang.ControleMini;
				PRODUCT_NAME = ControleMini;
				SDKROOT = macosx;
				SWIFT_EMIT_LOC_STRINGS = YES;
				SWIFT_VERSION = 5.0;
			};
			name = Debug;
		};
		8EEEEB0A2768173900353D8F /* Release */ = {
			isa = XCBuildConfiguration;
			buildSettings = {
				ASSETCATALOG_COMPILER_APPICON_NAME = AppIcon;
				ASSETCATALOG_COMPILER_GLOBAL_ACCENT_COLOR_NAME = AccentColor;
				CODE_SIGN_ENTITLEMENTS = macOS/macOS.entitlements;
				CODE_SIGN_STYLE = Automatic;
				COMBINE_HIDPI_IMAGES = YES;
				CURRENT_PROJECT_VERSION = 1;
				ENABLE_PREVIEWS = YES;
				GENERATE_INFOPLIST_FILE = YES;
				INFOPLIST_KEY_NSHumanReadableCopyright = "";
				LD_RUNPATH_SEARCH_PATHS = (
					"$(inherited)",
					"@executable_path/../Frameworks",
				);
				MACOSX_DEPLOYMENT_TARGET = 11.5;
				MARKETING_VERSION = 1.0;
				PRODUCT_BUNDLE_IDENTIFIER = com.yangyuewang.ControleMini;
				PRODUCT_NAME = ControleMini;
				SDKROOT = macosx;
				SWIFT_EMIT_LOC_STRINGS = YES;
				SWIFT_VERSION = 5.0;
			};
			name = Release;
		};
		8EEEEB0C2768173900353D8F /* Debug */ = {
			isa = XCBuildConfiguration;
			buildSettings = {
				ALWAYS_EMBED_SWIFT_STANDARD_LIBRARIES = YES;
				CODE_SIGN_STYLE = Automatic;
				CURRENT_PROJECT_VERSION = 1;
				GENERATE_INFOPLIST_FILE = YES;
				IPHONEOS_DEPLOYMENT_TARGET = 15.0;
				LD_RUNPATH_SEARCH_PATHS = (
					"$(inherited)",
					"@executable_path/Frameworks",
					"@loader_path/Frameworks",
				);
				MARKETING_VERSION = 1.0;
				PRODUCT_BUNDLE_IDENTIFIER = "com.yangyuewang.Tests-iOS";
				PRODUCT_NAME = "$(TARGET_NAME)";
				SDKROOT = iphoneos;
				SWIFT_EMIT_LOC_STRINGS = NO;
				SWIFT_VERSION = 5.0;
				TARGETED_DEVICE_FAMILY = "1,2";
				TEST_TARGET_NAME = "ControleMini (iOS)";
			};
			name = Debug;
		};
		8EEEEB0D2768173900353D8F /* Release */ = {
			isa = XCBuildConfiguration;
			buildSettings = {
				ALWAYS_EMBED_SWIFT_STANDARD_LIBRARIES = YES;
				CODE_SIGN_STYLE = Automatic;
				CURRENT_PROJECT_VERSION = 1;
				GENERATE_INFOPLIST_FILE = YES;
				IPHONEOS_DEPLOYMENT_TARGET = 15.0;
				LD_RUNPATH_SEARCH_PATHS = (
					"$(inherited)",
					"@executable_path/Frameworks",
					"@loader_path/Frameworks",
				);
				MARKETING_VERSION = 1.0;
				PRODUCT_BUNDLE_IDENTIFIER = "com.yangyuewang.Tests-iOS";
				PRODUCT_NAME = "$(TARGET_NAME)";
				SDKROOT = iphoneos;
				SWIFT_EMIT_LOC_STRINGS = NO;
				SWIFT_VERSION = 5.0;
				TARGETED_DEVICE_FAMILY = "1,2";
				TEST_TARGET_NAME = "ControleMini (iOS)";
				VALIDATE_PRODUCT = YES;
			};
			name = Release;
		};
		8EEEEB0F2768173900353D8F /* Debug */ = {
			isa = XCBuildConfiguration;
			buildSettings = {
				ALWAYS_EMBED_SWIFT_STANDARD_LIBRARIES = YES;
				CODE_SIGN_STYLE = Automatic;
				COMBINE_HIDPI_IMAGES = YES;
				CURRENT_PROJECT_VERSION = 1;
				GENERATE_INFOPLIST_FILE = YES;
				LD_RUNPATH_SEARCH_PATHS = (
					"$(inherited)",
					"@executable_path/../Frameworks",
					"@loader_path/../Frameworks",
				);
				MACOSX_DEPLOYMENT_TARGET = 11.5;
				MARKETING_VERSION = 1.0;
				PRODUCT_BUNDLE_IDENTIFIER = "com.yangyuewang.Tests-macOS";
				PRODUCT_NAME = "$(TARGET_NAME)";
				SDKROOT = macosx;
				SWIFT_EMIT_LOC_STRINGS = NO;
				SWIFT_VERSION = 5.0;
				TEST_TARGET_NAME = "ControleMini (macOS)";
			};
			name = Debug;
		};
		8EEEEB102768173900353D8F /* Release */ = {
			isa = XCBuildConfiguration;
			buildSettings = {
				ALWAYS_EMBED_SWIFT_STANDARD_LIBRARIES = YES;
				CODE_SIGN_STYLE = Automatic;
				COMBINE_HIDPI_IMAGES = YES;
				CURRENT_PROJECT_VERSION = 1;
				GENERATE_INFOPLIST_FILE = YES;
				LD_RUNPATH_SEARCH_PATHS = (
					"$(inherited)",
					"@executable_path/../Frameworks",
					"@loader_path/../Frameworks",
				);
				MACOSX_DEPLOYMENT_TARGET = 11.5;
				MARKETING_VERSION = 1.0;
				PRODUCT_BUNDLE_IDENTIFIER = "com.yangyuewang.Tests-macOS";
				PRODUCT_NAME = "$(TARGET_NAME)";
				SDKROOT = macosx;
				SWIFT_EMIT_LOC_STRINGS = NO;
				SWIFT_VERSION = 5.0;
				TEST_TARGET_NAME = "ControleMini (macOS)";
			};
			name = Release;
		};
/* End XCBuildConfiguration section */

/* Begin XCConfigurationList section */
		8EEEEAD32768173500353D8F /* Build configuration list for PBXProject "ControleMini" */ = {
			isa = XCConfigurationList;
			buildConfigurations = (
				8EEEEB032768173900353D8F /* Debug */,
				8EEEEB042768173900353D8F /* Release */,
			);
			defaultConfigurationIsVisible = 0;
			defaultConfigurationName = Release;
		};
		8EEEEB052768173900353D8F /* Build configuration list for PBXNativeTarget "ControleMini (iOS)" */ = {
			isa = XCConfigurationList;
			buildConfigurations = (
				8EEEEB062768173900353D8F /* Debug */,
				8EEEEB072768173900353D8F /* Release */,
			);
			defaultConfigurationIsVisible = 0;
			defaultConfigurationName = Release;
		};
		8EEEEB082768173900353D8F /* Build configuration list for PBXNativeTarget "ControleMini (macOS)" */ = {
			isa = XCConfigurationList;
			buildConfigurations = (
				8EEEEB092768173900353D8F /* Debug */,
				8EEEEB0A2768173900353D8F /* Release */,
			);
			defaultConfigurationIsVisible = 0;
			defaultConfigurationName = Release;
		};
		8EEEEB0B2768173900353D8F /* Build configuration list for PBXNativeTarget "Tests iOS" */ = {
			isa = XCConfigurationList;
			buildConfigurations = (
				8EEEEB0C2768173900353D8F /* Debug */,
				8EEEEB0D2768173900353D8F /* Release */,
			);
			defaultConfigurationIsVisible = 0;
			defaultConfigurationName = Release;
		};
		8EEEEB0E2768173900353D8F /* Build configuration list for PBXNativeTarget "Tests macOS" */ = {
			isa = XCConfigurationList;
			buildConfigurations = (
				8EEEEB0F2768173900353D8F /* Debug */,
				8EEEEB102768173900353D8F /* Release */,
			);
			defaultConfigurationIsVisible = 0;
			defaultConfigurationName = Release;
		};
/* End XCConfigurationList section */
	};
	rootObject = 8EEEEAD02768173500353D8F /* Project object */;
}
